<?xml version="1.0" encoding="utf-8"?>
<Project ToolsVersion="4.0" xmlns="http://schemas.microsoft.com/developer/msbuild/2003">
  <ItemGroup>
    <Filter Include="Source Files">
      <UniqueIdentifier>{5c4d5a88-27bb-41b3-bb45-39d6e7dd57a0}</UniqueIdentifier>
      <Extensions>cpp;c;cc;cxx;c++;ixx</Extensions>
    </Filter>
    <Filter Include="Source Files\App">
      <UniqueIdentifier>{d34a1b22-beb7-45dd-b693-5c8d27575a89}</UniqueIdentifier>
    </Filter>
    <Filter Include="Source Files\Core">
      <UniqueIdentifier>{341ca4c5-a2df-47b9-a969-31f57563ef12}</UniqueIdentifier>
    </Filter>
    <Filter Include="Source Files\Backends">
      <UniqueIdentifier>{504ac971-d00c-4bf4-89c6-c263c7f8b149}</UniqueIdentifier>
    </Filter>
  </ItemGroup>
  <ItemGroup>
    <ClCompile Include="src\app\config.ixx">
      <Filter>Source Files\App</Filter>
    </ClCompile>
    <ClCompile Include="src\core\process.ixx">
      <Filter>Source Files\Core</Filter>
    </ClCompile>
    <ClCompile Include="src\backends\magick_backend.ixx">
      <Filter>Source Files\Backends</Filter>
    </ClCompile>
    <ClCompile Include="src\app\pipeline.ixx">
      <Filter>Source Files\App</Filter>
    </ClCompile>
    <ClCompile Include="src\main.cpp">
      <Filter>Source Files</Filter>
    </ClCompile>
  </ItemGroup>
</Project>
