<Solution>
  <Project Path="../LakeUI/LakeUI.Demo/LakeUI.Demo.vbproj" />
  <Project Path="../LakeUI/LakeUI/LakeUI.vbproj" />
  <Project Path="AvifEncoder.Core/AvifEncoder.Core.csproj" Id="310a1526-81bf-4b75-b5ba-5c5c8ff3fef3" />
  <Project Path="AvifEncoder.Gui/AvifEncoder.Gui.csproj" Id="ba305720-51bd-4cdd-be37-aebfd520fc1d" />
  <Project Path="AvifEncoder.GuiLakeUl/AvifEncoder.GuiLakeUl.csproj" Id="d05c23ef-fcbe-4890-9920-f3313e95df80" />
  <Project Path="图片avif压缩控制台/图片avif压缩控制台.csproj" />
</Solution>
